{
    "_meta": {
        "hash": {
            "sha256": "7780e64370be7522aec27495aa7504625543aad9d1cc91704fda31e7c1748d8f"
        },
        "pipfile-spec": 6,
        "requires": {
            "python_version": "3.7"
        },
        "sources": [
            {
                "name": "pypi",
                "url": "https://pypi.org/simple",
                "verify_ssl": true
            }
        ]
    },
    "default": {
        "pyenchant": {
            "hashes": [
                "sha256:8ca419921e79022b344581ef7baf2e23af5c20b3e56b2f3d5a0448bd5bf2662e",
                "sha256:997465ab1f0dc9900b3bde0a1998c62ac08e64cc9a0870865d50de1e7d4b5afa",
                "sha256:ce0915d7acd771fde6e8c2dce8ad0cb0e6f7c4fa8430cc96e3e7134e99aeb12f",
                "sha256:fd490efd7ce46e461cbd905bf6e2fdd540d85f43973b296a743b4591bfbcca60"
            ],
            "index": "pypi",
            "version": "==3.1.1"
        },
        "pyside2": {
            "hashes": [
                "sha256:1478ea8a1ab5d8bc021ce41211933fbc238338fe70c02f7bcc2e80ea900dbf9e",
                "sha256:2d72150f63025b9b55097c1a64d09da37ff9191f73f69237500dec7a4a130541",
                "sha256:7ac86f31bc0a4fbf3f0bf00890e849441776be304c7b8bf259d777a7fe5fe913",
                "sha256:7c91a5074f3c60bac7e9336943a1dc9d5c8be8ab88a232dc55018e555dae81b2",
                "sha256:ae8158d611a410c58091aa8baf24005894b4e3f40c63ff2482149481ad5395b4",
                "sha256:de0220cc01a8bfdaa8ccd0fc934a1ead2aedca62b49b5fd4bdcdaba6f4585a03",
                "sha256:f9099e49fb2d3571f5a81eb9ff281ce832ce8c333052e8175e2356b9c3e4a882"
            ],
            "index": "pypi",
            "version": "==5.15.0"
        },
        "shiboken2": {
            "hashes": [
                "sha256:0826ce788fe55bce19a8f8a2c33d720a6ba8f59e1aab1fa9d7a53eceed3f3af5",
                "sha256:19d5f715e5ae8a815a7f148a8614a3225dceee6fd9d5decaa7749657f0f7ccbe",
                "sha256:41a9157fb9cc7e0c0747926b25c23c3f94d59d61736a6ff763ebc7acf6afc5cf",
                "sha256:4b0904e0967356a36e80cde05981faa14c120141856d973ee983eac0b83633c0",
                "sha256:5702e77ad5999ac45498c3cd47f5d078ce7406cf8dc8df74337b0cdc084bf762",
                "sha256:94991848e9ff4d03c2d7feab484113b5b5ad7f9fdfa0b0ff46ce18da47b36b58",
                "sha256:a92c55363d5cd3cfdd6cd28dcf91e81a00a3aa5bb177d712817c09d26bd760db"
            ],
            "markers": "python_version >= '2.7' and python_version not in '3.0, 3.1, 3.2, 3.3, 3.4' and python_version < '3.9'",
            "version": "==5.15.0"
        }
    },
    "develop": {}
}
